
Microsoft Visual Studio Solution File, Format Version 12.00
# Visual Studio Version 17
VisualStudioVersion = 17.14.37516.0 d17.14
MinimumVisualStudioVersion = 10.0.40219.1
Project("{888888A0-9F3D-457C-B088-3A5042F75D52}") = "lab4_opt", "lab4_opt\lab4_opt.pyproj", "{41A005AE-FE97-4774-B401-170479CC916C}"
EndProject
Global
	GlobalSection(SolutionConfigurationPlatforms) = preSolution
		Debug|Any CPU = Debug|Any CPU
		Release|Any CPU = Release|Any CPU
	EndGlobalSection
	GlobalSection(ProjectConfigurationPlatforms) = postSolution
		{41A005AE-FE97-4774-B401-170479CC916C}.Debug|Any CPU.ActiveCfg = Debug|Any CPU
		{41A005AE-FE97-4774-B401-170479CC916C}.Release|Any CPU.ActiveCfg = Release|Any CPU
	EndGlobalSection
	GlobalSection(SolutionProperties) = preSolution
		HideSolutionNode = FALSE
	EndGlobalSection
	GlobalSection(ExtensibilityGlobals) = postSolution
		SolutionGuid = {426F4B00-A942-45A6-9D09-0A8A2E5BA5EC}
	EndGlobalSection
EndGlobal
